// !$*UTF8*$!
{
	archiveVersion = 1;
	classes = {
	};
	objectVersion = 56;
	objects = {

/* Begin PBXBuildFile section */
		31E0B07429B290AF006ED195 /* AppDelegate.swift in Sources */ = {isa = PBXBuildFile; fileRef = 31E0B07329B290AF006ED195 /* AppDelegate.swift */; };
		31E0B07629B290AF006ED195 /* SceneDelegate.swift in Sources */ = {isa = PBXBuildFile; fileRef = 31E0B07529B290AF006ED195 /* SceneDelegate.swift */; };
		31E0B07D29B290B2006ED195 /* Assets.xcassets in Resources */ = {isa = PBXBuildFile; fileRef = 31E0B07C29B290B2006ED195 /* Assets.xcassets */; };
		31E0B08029B290B2006ED195 /* LaunchScreen.storyboard in Resources */ = {isa = PBXBuildFile; fileRef = 31E0B07E29B290B2006ED195 /* LaunchScreen.storyboard */; };
		31E0B08F29B293BE006ED195 /* RMLocation.swift in Sources */ = {isa = PBXBuildFile; fileRef = 31E0B08E29B293BE006ED195 /* RMLocation.swift */; };
		31E0B09129B293EF006ED195 /* RMCharacter.swift in Sources */ = {isa = PBXBuildFile; fileRef = 31E0B09029B293EF006ED195 /* RMCharacter.swift */; };
		31E0B09329B293FF006ED195 /* RMEpisode.swift in Sources */ = {isa = PBXBuildFile; fileRef = 31E0B09229B293FF006ED195 /* RMEpisode.swift */; };
		31E0B09629B294B0006ED195 /* RMCharacterViewController.swift in Sources */ = {isa = PBXBuildFile; fileRef = 31E0B09529B294B0006ED195 /* RMCharacterViewController.swift */; };
		31E0B09829B294D7006ED195 /* RMLocationViewController.swift in Sources */ = {isa = PBXBuildFile; fileRef = 31E0B09729B294D7006ED195 /* RMLocationViewController.swift */; };
		31E0B09A29B294EF006ED195 /* RMEpisodeViewController.swift in Sources */ = {isa = PBXBuildFile; fileRef = 31E0B09929B294EF006ED195 /* RMEpisodeViewController.swift */; };
		31E0B09C29B2950B006ED195 /* RMSettingsViewController.swift in Sources */ = {isa = PBXBuildFile; fileRef = 31E0B09B29B2950B006ED195 /* RMSettingsViewController.swift */; };
		31E0B09E29B297A9006ED195 /* RMTabBarController.swift in Sources */ = {isa = PBXBuildFile; fileRef = 31E0B09D29B297A9006ED195 /* RMTabBarController.swift */; };
		31E0B0A029B2C1DD006ED195 /* RMService.swift in Sources */ = {isa = PBXBuildFile; fileRef = 31E0B09F29B2C1DD006ED195 /* RMService.swift */; };
		31E0B0A229B2C20B006ED195 /* RMRequest.swift in Sources */ = {isa = PBXBuildFile; fileRef = 31E0B0A129B2C20B006ED195 /* RMRequest.swift */; };
		31E0B0A429B2C2BF006ED195 /* RMEndpoint.swift in Sources */ = {isa = PBXBuildFile; fileRef = 31E0B0A329B2C2BF006ED195 /* RMEndpoint.swift */; };
		31E0B0A629B2E95A006ED195 /* RMOrigin.swift in Sources */ = {isa = PBXBuildFile; fileRef = 31E0B0A529B2E95A006ED195 /* RMOrigin.swift */; };
		31E0B0A829B2E9BE006ED195 /* RMSingleLocation.swift in Sources */ = {isa = PBXBuildFile; fileRef = 31E0B0A729B2E9BE006ED195 /* RMSingleLocation.swift */; };
		31E0B0AA29B2EA36006ED195 /* RMCharacterStatus.swift in Sources */ = {isa = PBXBuildFile; fileRef = 31E0B0A929B2EA36006ED195 /* RMCharacterStatus.swift */; };
		31E0B0AC29B2EAE8006ED195 /* RMCharacterGender.swift in Sources */ = {isa = PBXBuildFile; fileRef = 31E0B0AB29B2EAE8006ED195 /* RMCharacterGender.swift */; };
/* End PBXBuildFile section */

/* Begin PBXFileReference section */
		31E0B07029B290AF006ED195 /* RickAndMorty.app */ = {isa = PBXFileReference; explicitFileType = wrapper.application; includeInIndex = 0; path = RickAndMorty.app; sourceTree = BUILT_PRODUCTS_DIR; };
		31E0B07329B290AF006ED195 /* AppDelegate.swift */ = {isa = PBXFileReference; lastKnownFileType = sourcecode.swift; path = AppDelegate.swift; sourceTree = "<group>"; };
		31E0B07529B290AF006ED195 /* SceneDelegate.swift */ = {isa = PBXFileReference; lastKnownFileType = sourcecode.swift; path = SceneDelegate.swift; sourceTree = "<group>"; };
		31E0B07C29B290B2006ED195 /* Assets.xcassets */ = {isa = PBXFileReference; lastKnownFileType = folder.assetcatalog; path = Assets.xcassets; sourceTree = "<group>"; };
		31E0B07F29B290B2006ED195 /* Base */ = {isa = PBXFileReference; lastKnownFileType = file.storyboard; name = Base; path = Base.lproj/LaunchScreen.storyboard; sourceTree = "<group>"; };
		31E0B08129B290B2006ED195 /* Info.plist */ = {isa = PBXFileReference; lastKnownFileType = text.plist.xml; path = Info.plist; sourceTree = "<group>"; };
		31E0B08E29B293BE006ED195 /* RMLocation.swift */ = {isa = PBXFileReference; lastKnownFileType = sourcecode.swift; path = RMLocation.swift; sourceTree = "<group>"; };
		31E0B09029B293EF006ED195 /* RMCharacter.swift */ = {isa = PBXFileReference; lastKnownFileType = sourcecode.swift; path = RMCharacter.swift; sourceTree = "<group>"; };
		31E0B09229B293FF006ED195 /* RMEpisode.swift */ = {isa = PBXFileReference; lastKnownFileType = sourcecode.swift; path = RMEpisode.swift; sourceTree = "<group>"; };
		31E0B09529B294B0006ED195 /* RMCharacterViewController.swift */ = {isa = PBXFileReference; lastKnownFileType = sourcecode.swift; path = RMCharacterViewController.swift; sourceTree = "<group>"; };
		31E0B09729B294D7006ED195 /* RMLocationViewController.swift */ = {isa = PBXFileReference; lastKnownFileType = sourcecode.swift; path = RMLocationViewController.swift; sourceTree = "<group>"; };
		31E0B09929B294EF006ED195 /* RMEpisodeViewController.swift */ = {isa = PBXFileReference; lastKnownFileType = sourcecode.swift; path = RMEpisodeViewController.swift; sourceTree = "<group>"; };
		31E0B09B29B2950B006ED195 /* RMSettingsViewController.swift */ = {isa = PBXFileReference; lastKnownFileType = sourcecode.swift; path = RMSettingsViewController.swift; sourceTree = "<group>"; };
		31E0B09D29B297A9006ED195 /* RMTabBarController.swift */ = {isa = PBXFileReference; lastKnownFileType = sourcecode.swift; path = RMTabBarController.swift; sourceTree = "<group>"; };
		31E0B09F29B2C1DD006ED195 /* RMService.swift */ = {isa = PBXFileReference; lastKnownFileType = sourcecode.swift; path = RMService.swift; sourceTree = "<group>"; };
		31E0B0A129B2C20B006ED195 /* RMRequest.swift */ = {isa = PBXFileReference; lastKnownFileType = sourcecode.swift; path = RMRequest.swift; sourceTree = "<group>"; };
		31E0B0A329B2C2BF006ED195 /* RMEndpoint.swift */ = {isa = PBXFileReference; lastKnownFileType = sourcecode.swift; path = RMEndpoint.swift; sourceTree = "<group>"; };
		31E0B0A529B2E95A006ED195 /* RMOrigin.swift */ = {isa = PBXFileReference; lastKnownFileType = sourcecode.swift; path = RMOrigin.swift; sourceTree = "<group>"; };
		31E0B0A729B2E9BE006ED195 /* RMSingleLocation.swift */ = {isa = PBXFileReference; lastKnownFileType = sourcecode.swift; path = RMSingleLocation.swift; sourceTree = "<group>"; };
		31E0B0A929B2EA36006ED195 /* RMCharacterStatus.swift */ = {isa = PBXFileReference; lastKnownFileType = sourcecode.swift; path = RMCharacterStatus.swift; sourceTree = "<group>"; };
		31E0B0AB29B2EAE8006ED195 /* RMCharacterGender.swift */ = {isa = PBXFileReference; lastKnownFileType = sourcecode.swift; path = RMCharacterGender.swift; sourceTree = "<group>"; };
/* End PBXFileReference section */

/* Begin PBXFrameworksBuildPhase section */
		31E0B06D29B290AF006ED195 /* Frameworks */ = {
			isa = PBXFrameworksBuildPhase;
			buildActionMask = 2147483647;
			files = (
			);
			runOnlyForDeploymentPostprocessing = 0;
		};
/* End PBXFrameworksBuildPhase section */

/* Begin PBXGroup section */
		31E0B06729B290AF006ED195 = {
			isa = PBXGroup;
			children = (
				31E0B07229B290AF006ED195 /* RickAndMorty */,
				31E0B07129B290AF006ED195 /* Products */,
			);
			sourceTree = "<group>";
		};
		31E0B07129B290AF006ED195 /* Products */ = {
			isa = PBXGroup;
			children = (
				31E0B07029B290AF006ED195 /* RickAndMorty.app */,
			);
			name = Products;
			sourceTree = "<group>";
		};
		31E0B07229B290AF006ED195 /* RickAndMorty */ = {
			isa = PBXGroup;
			children = (
				31E0B08D29B29339006ED195 /* Resources */,
				31E0B08C29B2932B006ED195 /* Managers */,
				31E0B08B29B2931A006ED195 /* APIClient */,
				31E0B08A29B2930A006ED195 /* ViewModels */,
				31E0B08929B292FE006ED195 /* Views */,
				31E0B08829B292F5006ED195 /* Models */,
				31E0B08729B292DC006ED195 /* Controllers */,
				31E0B08129B290B2006ED195 /* Info.plist */,
			);
			path = RickAndMorty;
			sourceTree = "<group>";
		};
		31E0B08729B292DC006ED195 /* Controllers */ = {
			isa = PBXGroup;
			children = (
				31E0B09429B2947A006ED195 /* Core */,
			);
			path = Controllers;
			sourceTree = "<group>";
		};
		31E0B08829B292F5006ED195 /* Models */ = {
			isa = PBXGroup;
			children = (
				31E0B08E29B293BE006ED195 /* RMLocation.swift */,
				31E0B09029B293EF006ED195 /* RMCharacter.swift */,
				31E0B09229B293FF006ED195 /* RMEpisode.swift */,
				31E0B0A529B2E95A006ED195 /* RMOrigin.swift */,
				31E0B0A729B2E9BE006ED195 /* RMSingleLocation.swift */,
				31E0B0A929B2EA36006ED195 /* RMCharacterStatus.swift */,
				31E0B0AB29B2EAE8006ED195 /* RMCharacterGender.swift */,
			);
			path = Models;
			sourceTree = "<group>";
		};
		31E0B08929B292FE006ED195 /* Views */ = {
			isa = PBXGroup;
			children = (
			);
			path = Views;
			sourceTree = "<group>";
		};
		31E0B08A29B2930A006ED195 /* ViewModels */ = {
			isa = PBXGroup;
			children = (
			);
			path = ViewModels;
			sourceTree = "<group>";
		};
		31E0B08B29B2931A006ED195 /* APIClient */ = {
			isa = PBXGroup;
			children = (
				31E0B09F29B2C1DD006ED195 /* RMService.swift */,
				31E0B0A129B2C20B006ED195 /* RMRequest.swift */,
				31E0B0A329B2C2BF006ED195 /* RMEndpoint.swift */,
			);
			path = APIClient;
			sourceTree = "<group>";
		};
		31E0B08C29B2932B006ED195 /* Managers */ = {
			isa = PBXGroup;
			children = (
			);
			path = Managers;
			sourceTree = "<group>";
		};
		31E0B08D29B29339006ED195 /* Resources */ = {
			isa = PBXGroup;
			children = (
				31E0B07C29B290B2006ED195 /* Assets.xcassets */,
				31E0B07E29B290B2006ED195 /* LaunchScreen.storyboard */,
				31E0B07329B290AF006ED195 /* AppDelegate.swift */,
				31E0B07529B290AF006ED195 /* SceneDelegate.swift */,
			);
			path = Resources;
			sourceTree = "<group>";
		};
		31E0B09429B2947A006ED195 /* Core */ = {
			isa = PBXGroup;
			children = (
				31E0B09529B294B0006ED195 /* RMCharacterViewController.swift */,
				31E0B09729B294D7006ED195 /* RMLocationViewController.swift */,
				31E0B09929B294EF006ED195 /* RMEpisodeViewController.swift */,
				31E0B09B29B2950B006ED195 /* RMSettingsViewController.swift */,
				31E0B09D29B297A9006ED195 /* RMTabBarController.swift */,
			);
			path = Core;
			sourceTree = "<group>";
		};
/* End PBXGroup section */

/* Begin PBXNativeTarget section */
		31E0B06F29B290AF006ED195 /* RickAndMorty */ = {
			isa = PBXNativeTarget;
			buildConfigurationList = 31E0B08429B290B2006ED195 /* Build configuration list for PBXNativeTarget "RickAndMorty" */;
			buildPhases = (
				31E0B06C29B290AF006ED195 /* Sources */,
				31E0B06D29B290AF006ED195 /* Frameworks */,
				31E0B06E29B290AF006ED195 /* Resources */,
			);
			buildRules = (
			);
			dependencies = (
			);
			name = RickAndMorty;
			productName = RickAndMorty;
			productReference = 31E0B07029B290AF006ED195 /* RickAndMorty.app */;
			productType = "com.apple.product-type.application";
		};
/* End PBXNativeTarget section */

/* Begin PBXProject section */
		31E0B06829B290AF006ED195 /* Project object */ = {
			isa = PBXProject;
			attributes = {
				BuildIndependentTargetsInParallel = 1;
				LastSwiftUpdateCheck = 1420;
				LastUpgradeCheck = 1420;
				TargetAttributes = {
					31E0B06F29B290AF006ED195 = {
						CreatedOnToolsVersion = 14.2;
					};
				};
			};
			buildConfigurationList = 31E0B06B29B290AF006ED195 /* Build configuration list for PBXProject "RickAndMorty" */;
			compatibilityVersion = "Xcode 14.0";
			developmentRegion = en;
			hasScannedForEncodings = 0;
			knownRegions = (
				en,
				Base,
			);
			mainGroup = 31E0B06729B290AF006ED195;
			productRefGroup = 31E0B07129B290AF006ED195 /* Products */;
			projectDirPath = "";
			projectRoot = "";
			targets = (
				31E0B06F29B290AF006ED195 /* RickAndMorty */,
			);
		};
/* End PBXProject section */

/* Begin PBXResourcesBuildPhase section */
		31E0B06E29B290AF006ED195 /* Resources */ = {
			isa = PBXResourcesBuildPhase;
			buildActionMask = 2147483647;
			files = (
				31E0B08029B290B2006ED195 /* LaunchScreen.storyboard in Resources */,
				31E0B07D29B290B2006ED195 /* Assets.xcassets in Resources */,
			);
			runOnlyForDeploymentPostprocessing = 0;
		};
/* End PBXResourcesBuildPhase section */

/* Begin PBXSourcesBuildPhase section */
		31E0B06C29B290AF006ED195 /* Sources */ = {
			isa = PBXSourcesBuildPhase;
			buildActionMask = 2147483647;
			files = (
				31E0B0A629B2E95A006ED195 /* RMOrigin.swift in Sources */,
				31E0B0A829B2E9BE006ED195 /* RMSingleLocation.swift in Sources */,
				31E0B0AA29B2EA36006ED195 /* RMCharacterStatus.swift in Sources */,
				31E0B0AC29B2EAE8006ED195 /* RMCharacterGender.swift in Sources */,
				31E0B09829B294D7006ED195 /* RMLocationViewController.swift in Sources */,
				31E0B09329B293FF006ED195 /* RMEpisode.swift in Sources */,
				31E0B09E29B297A9006ED195 /* RMTabBarController.swift in Sources */,
				31E0B09A29B294EF006ED195 /* RMEpisodeViewController.swift in Sources */,
				31E0B07429B290AF006ED195 /* AppDelegate.swift in Sources */,
				31E0B08F29B293BE006ED195 /* RMLocation.swift in Sources */,
				31E0B09C29B2950B006ED195 /* RMSettingsViewController.swift in Sources */,
				31E0B0A429B2C2BF006ED195 /* RMEndpoint.swift in Sources */,
				31E0B0A029B2C1DD006ED195 /* RMService.swift in Sources */,
				31E0B07629B290AF006ED195 /* SceneDelegate.swift in Sources */,
				31E0B09129B293EF006ED195 /* RMCharacter.swift in Sources */,
				31E0B0A229B2C20B006ED195 /* RMRequest.swift in Sources */,
				31E0B09629B294B0006ED195 /* RMCharacterViewController.swift in Sources */,
			);
			runOnlyForDeploymentPostprocessing = 0;
		};
/* End PBXSourcesBuildPhase section */

/* Begin PBXVariantGroup section */
		31E0B07E29B290B2006ED195 /* LaunchScreen.storyboard */ = {
			isa = PBXVariantGroup;
			children = (
				31E0B07F29B290B2006ED195 /* Base */,
			);
			name = LaunchScreen.storyboard;
			sourceTree = "<group>";
		};
/* End PBXVariantGroup section */

/* Begin XCBuildConfiguration section */
		31E0B08229B290B2006ED195 /* Debug */ = {
			isa = XCBuildConfiguration;
			buildSettings = {
				ALWAYS_SEARCH_USER_PATHS = NO;
				CLANG_ANALYZER_NONNULL = YES;
				CLANG_ANALYZER_NUMBER_OBJECT_CONVERSION = YES_AGGRESSIVE;
				CLANG_CXX_LANGUAGE_STANDARD = "gnu++20";
				CLANG_ENABLE_MODULES = YES;
				CLANG_ENABLE_OBJC_ARC = YES;
				CLANG_ENABLE_OBJC_WEAK = YES;
				CLANG_WARN_BLOCK_CAPTURE_AUTORELEASING = YES;
				CLANG_WARN_BOOL_CONVERSION = YES;
				CLANG_WARN_COMMA = YES;
				CLANG_WARN_CONSTANT_CONVERSION = YES;
				CLANG_WARN_DEPRECATED_OBJC_IMPLEMENTATIONS = YES;
				CLANG_WARN_DIRECT_OBJC_ISA_USAGE = YES_ERROR;
				CLANG_WARN_DOCUMENTATION_COMMENTS = YES;
				CLANG_WARN_EMPTY_BODY = YES;
				CLANG_WARN_ENUM_CONVERSION = YES;
				CLANG_WARN_INFINITE_RECURSION = YES;
				CLANG_WARN_INT_CONVERSION = YES;
				CLANG_WARN_NON_LITERAL_NULL_CONVERSION = YES;
				CLANG_WARN_OBJC_IMPLICIT_RETAIN_SELF = YES;
				CLANG_WARN_OBJC_LITERAL_CONVERSION = YES;
				CLANG_WARN_OBJC_ROOT_CLASS = YES_ERROR;
				CLANG_WARN_QUOTED_INCLUDE_IN_FRAMEWORK_HEADER = YES;
				CLANG_WARN_RANGE_LOOP_ANALYSIS = YES;
				CLANG_WARN_STRICT_PROTOTYPES = YES;
				CLANG_WARN_SUSPICIOUS_MOVE = YES;
				CLANG_WARN_UNGUARDED_AVAILABILITY = YES_AGGRESSIVE;
				CLANG_WARN_UNREACHABLE_CODE = YES;
				CLANG_WARN__DUPLICATE_METHOD_MATCH = YES;
				COPY_PHASE_STRIP = NO;
				DEBUG_INFORMATION_FORMAT = dwarf;
				ENABLE_STRICT_OBJC_MSGSEND = YES;
				ENABLE_TESTABILITY = YES;
				GCC_C_LANGUAGE_STANDARD = gnu11;
				GCC_DYNAMIC_NO_PIC = NO;
				GCC_NO_COMMON_BLOCKS = YES;
				GCC_OPTIMIZATION_LEVEL = 0;
				GCC_PREPROCESSOR_DEFINITIONS = (
					"DEBUG=1",
					"$(inherited)",
				);
				GCC_WARN_64_TO_32_BIT_CONVERSION = YES;
				GCC_WARN_ABOUT_RETURN_TYPE = YES_ERROR;
				GCC_WARN_UNDECLARED_SELECTOR = YES;
				GCC_WARN_UNINITIALIZED_AUTOS = YES_AGGRESSIVE;
				GCC_WARN_UNUSED_FUNCTION = YES;
				GCC_WARN_UNUSED_VARIABLE = YES;
				IPHONEOS_DEPLOYMENT_TARGET = 16.2;
				MTL_ENABLE_DEBUG_INFO = INCLUDE_SOURCE;
				MTL_FAST_MATH = YES;
				ONLY_ACTIVE_ARCH = YES;
				SDKROOT = iphoneos;
				SWIFT_ACTIVE_COMPILATION_CONDITIONS = DEBUG;
				SWIFT_OPTIMIZATION_LEVEL = "-Onone";
			};
			name = Debug;
		};
		31E0B08329B290B2006ED195 /* Release */ = {
			isa = XCBuildConfiguration;
			buildSettings = {
				ALWAYS_SEARCH_USER_PATHS = NO;
				CLANG_ANALYZER_NONNULL = YES;
				CLANG_ANALYZER_NUMBER_OBJECT_CONVERSION = YES_AGGRESSIVE;
				CLANG_CXX_LANGUAGE_STANDARD = "gnu++20";
				CLANG_ENABLE_MODULES = YES;
				CLANG_ENABLE_OBJC_ARC = YES;
				CLANG_ENABLE_OBJC_WEAK = YES;
				CLANG_WARN_BLOCK_CAPTURE_AUTORELEASING = YES;
				CLANG_WARN_BOOL_CONVERSION = YES;
				CLANG_WARN_COMMA = YES;
				CLANG_WARN_CONSTANT_CONVERSION = YES;
				CLANG_WARN_DEPRECATED_OBJC_IMPLEMENTATIONS = YES;
				CLANG_WARN_DIRECT_OBJC_ISA_USAGE = YES_ERROR;
				CLANG_WARN_DOCUMENTATION_COMMENTS = YES;
				CLANG_WARN_EMPTY_BODY = YES;
				CLANG_WARN_ENUM_CONVERSION = YES;
				CLANG_WARN_INFINITE_RECURSION = YES;
				CLANG_WARN_INT_CONVERSION = YES;
				CLANG_WARN_NON_LITERAL_NULL_CONVERSION = YES;
				CLANG_WARN_OBJC_IMPLICIT_RETAIN_SELF = YES;
				CLANG_WARN_OBJC_LITERAL_CONVERSION = YES;
				CLANG_WARN_OBJC_ROOT_CLASS = YES_ERROR;
				CLANG_WARN_QUOTED_INCLUDE_IN_FRAMEWORK_HEADER = YES;
				CLANG_WARN_RANGE_LOOP_ANALYSIS = YES;
				CLANG_WARN_STRICT_PROTOTYPES = YES;
				CLANG_WARN_SUSPICIOUS_MOVE = YES;
				CLANG_WARN_UNGUARDED_AVAILABILITY = YES_AGGRESSIVE;
				CLANG_WARN_UNREACHABLE_CODE = YES;
				CLANG_WARN__DUPLICATE_METHOD_MATCH = YES;
				COPY_PHASE_STRIP = NO;
				DEBUG_INFORMATION_FORMAT = "dwarf-with-dsym";
				ENABLE_NS_ASSERTIONS = NO;
				ENABLE_STRICT_OBJC_MSGSEND = YES;
				GCC_C_LANGUAGE_STANDARD = gnu11;
				GCC_NO_COMMON_BLOCKS = YES;
				GCC_WARN_64_TO_32_BIT_CONVERSION = YES;
				GCC_WARN_ABOUT_RETURN_TYPE = YES_ERROR;
				GCC_WARN_UNDECLARED_SELECTOR = YES;
				GCC_WARN_UNINITIALIZED_AUTOS = YES_AGGRESSIVE;
				GCC_WARN_UNUSED_FUNCTION = YES;
				GCC_WARN_UNUSED_VARIABLE = YES;
				IPHONEOS_DEPLOYMENT_TARGET = 16.2;
				MTL_ENABLE_DEBUG_INFO = NO;
				MTL_FAST_MATH = YES;
				SDKROOT = iphoneos;
				SWIFT_COMPILATION_MODE = wholemodule;
				SWIFT_OPTIMIZATION_LEVEL = "-O";
				VALIDATE_PRODUCT = YES;
			};
			name = Release;
		};
		31E0B08529B290B2006ED195 /* Debug */ = {
			isa = XCBuildConfiguration;
			buildSettings = {
				ASSETCATALOG_COMPILER_APPICON_NAME = AppIcon;
				ASSETCATALOG_COMPILER_GLOBAL_ACCENT_COLOR_NAME = AccentColor;
				CODE_SIGN_STYLE = Automatic;
				CURRENT_PROJECT_VERSION = 1;
				DEVELOPMENT_TEAM = MRWW7972SX;
				GENERATE_INFOPLIST_FILE = YES;
				INFOPLIST_FILE = RickAndMorty/Info.plist;
				INFOPLIST_KEY_UIApplicationSupportsIndirectInputEvents = YES;
				INFOPLIST_KEY_UILaunchStoryboardName = LaunchScreen;
				INFOPLIST_KEY_UISupportedInterfaceOrientations = "UIInterfaceOrientationLandscapeLeft UIInterfaceOrientationLandscapeRight UIInterfaceOrientationPortrait";
				INFOPLIST_KEY_UISupportedInterfaceOrientations_iPad = "UIInterfaceOrientationLandscapeLeft UIInterfaceOrientationLandscapeRight UIInterfaceOrientationPortrait UIInterfaceOrientationPortraitUpsideDown";
				LD_RUNPATH_SEARCH_PATHS = (
					"$(inherited)",
					"@executable_path/Frameworks",
				);
				MARKETING_VERSION = 1.0;
				PRODUCT_BUNDLE_IDENTIFIER = com.silvaneimartins.RickAndMorty;
				PRODUCT_NAME = "$(TARGET_NAME)";
				SWIFT_EMIT_LOC_STRINGS = YES;
				SWIFT_VERSION = 5.0;
				TARGETED_DEVICE_FAMILY = "1,2";
			};
			name = Debug;
		};
		31E0B08629B290B2006ED195 /* Release */ = {
			isa = XCBuildConfiguration;
			buildSettings = {
				ASSETCATALOG_COMPILER_APPICON_NAME = AppIcon;
				ASSETCATALOG_COMPILER_GLOBAL_ACCENT_COLOR_NAME = AccentColor;
				CODE_SIGN_STYLE = Automatic;
				CURRENT_PROJECT_VERSION = 1;
				DEVELOPMENT_TEAM = MRWW7972SX;
				GENERATE_INFOPLIST_FILE = YES;
				INFOPLIST_FILE = RickAndMorty/Info.plist;
				INFOPLIST_KEY_UIApplicationSupportsIndirectInputEvents = YES;
				INFOPLIST_KEY_UILaunchStoryboardName = LaunchScreen;
				INFOPLIST_KEY_UISupportedInterfaceOrientations = "UIInterfaceOrientationLandscapeLeft UIInterfaceOrientationLandscapeRight UIInterfaceOrientationPortrait";
				INFOPLIST_KEY_UISupportedInterfaceOrientations_iPad = "UIInterfaceOrientationLandscapeLeft UIInterfaceOrientationLandscapeRight UIInterfaceOrientationPortrait UIInterfaceOrientationPortraitUpsideDown";
				LD_RUNPATH_SEARCH_PATHS = (
					"$(inherited)",
					"@executable_path/Frameworks",
				);
				MARKETING_VERSION = 1.0;
				PRODUCT_BUNDLE_IDENTIFIER = com.silvaneimartins.RickAndMorty;
				PRODUCT_NAME = "$(TARGET_NAME)";
				SWIFT_EMIT_LOC_STRINGS = YES;
				SWIFT_VERSION = 5.0;
				TARGETED_DEVICE_FAMILY = "1,2";
			};
			name = Release;
		};
/* End XCBuildConfiguration section */

/* Begin XCConfigurationList section */
		31E0B06B29B290AF006ED195 /* Build configuration list for PBXProject "RickAndMorty" */ = {
			isa = XCConfigurationList;
			buildConfigurations = (
				31E0B08229B290B2006ED195 /* Debug */,
				31E0B08329B290B2006ED195 /* Release */,
			);
			defaultConfigurationIsVisible = 0;
			defaultConfigurationName = Release;
		};
		31E0B08429B290B2006ED195 /* Build configuration list for PBXNativeTarget "RickAndMorty" */ = {
			isa = XCConfigurationList;
			buildConfigurations = (
				31E0B08529B290B2006ED195 /* Debug */,
				31E0B08629B290B2006ED195 /* Release */,
			);
			defaultConfigurationIsVisible = 0;
			defaultConfigurationName = Release;
		};
/* End XCConfigurationList section */
	};
	rootObject = 31E0B06829B290AF006ED195 /* Project object */;
}
